
Microsoft Visual Studio Solution File, Format Version 12.00
# Visual Studio Version 17
VisualStudioVersion = 17.4.33205.214
MinimumVisualStudioVersion = 10.0.40219.1
Project("{2150E333-8FDC-42A3-9474-1A3956D46DE8}") = "Presentation", "Presentation", "{608CDBFB-653A-4853-90B7-A44E2C42C7CC}"
EndProject
Project("{2150E333-8FDC-42A3-9474-1A3956D46DE8}") = "Core", "Core", "{C483D437-BF5B-490F-9006-C36BF1D51B26}"
EndProject
Project("{2150E333-8FDC-42A3-9474-1A3956D46DE8}") = "Infrastructure", "Infrastructure", "{7544CB62-DFD7-494E-93C7-BD41857D7314}"
EndProject
Project("{FAE04EC0-301F-11D3-BF4B-00C04F79EFBC}") = "ExpressKuryer.API", "Presentation\ExpressKuryer.API\ExpressKuryer.API.csproj", "{68E62121-2075-4047-9A44-A6108E96671D}"
EndProject
Project("{FAE04EC0-301F-11D3-BF4B-00C04F79EFBC}") = "ExpressKuryer.Domain", "Core\ExpressKuryer.Domain\ExpressKuryer.Domain.csproj", "{611CAF3D-B00B-4A30-9FB3-088460A6850E}"
EndProject
Project("{FAE04EC0-301F-11D3-BF4B-00C04F79EFBC}") = "ExpressKuryer.Application", "Core\ExpressKuryer.Application\ExpressKuryer.Application.csproj", "{F4718F3C-655E-4245-B6C8-B1FF6B4FA8A1}"
EndProject
Project("{FAE04EC0-301F-11D3-BF4B-00C04F79EFBC}") = "ExpressKuryer.Infrastructure", "Infrastructure\ExpressKuryer.Infrastructure\ExpressKuryer.Infrastructure.csproj", "{35E84163-952B-45EB-9704-729CF908F19E}"
EndProject
Project("{FAE04EC0-301F-11D3-BF4B-00C04F79EFBC}") = "ExpressKuryer.Persistence", "Infrastructure\ExpressKuryer.Persistence\ExpressKuryer.Persistence.csproj", "{D87C77E2-6CCC-4157-8E9F-0DE0CAAEAEC8}"
EndProject
Global
	GlobalSection(SolutionConfigurationPlatforms) = preSolution
		Debug|Any CPU = Debug|Any CPU
		Release|Any CPU = Release|Any CPU
	EndGlobalSection
	GlobalSection(ProjectConfigurationPlatforms) = postSolution
		{68E62121-2075-4047-9A44-A6108E96671D}.Debug|Any CPU.ActiveCfg = Debug|Any CPU
		{68E62121-2075-4047-9A44-A6108E96671D}.Debug|Any CPU.Build.0 = Debug|Any CPU
		{68E62121-2075-4047-9A44-A6108E96671D}.Release|Any CPU.ActiveCfg = Release|Any CPU
		{68E62121-2075-4047-9A44-A6108E96671D}.Release|Any CPU.Build.0 = Release|Any CPU
		{611CAF3D-B00B-4A30-9FB3-088460A6850E}.Debug|Any CPU.ActiveCfg = Debug|Any CPU
		{611CAF3D-B00B-4A30-9FB3-088460A6850E}.Debug|Any CPU.Build.0 = Debug|Any CPU
		{611CAF3D-B00B-4A30-9FB3-088460A6850E}.Release|Any CPU.ActiveCfg = Release|Any CPU
		{611CAF3D-B00B-4A30-9FB3-088460A6850E}.Release|Any CPU.Build.0 = Release|Any CPU
		{F4718F3C-655E-4245-B6C8-B1FF6B4FA8A1}.Debug|Any CPU.ActiveCfg = Debug|Any CPU
		{F4718F3C-655E-4245-B6C8-B1FF6B4FA8A1}.Debug|Any CPU.Build.0 = Debug|Any CPU
		{F4718F3C-655E-4245-B6C8-B1FF6B4FA8A1}.Release|Any CPU.ActiveCfg = Release|Any CPU
		{F4718F3C-655E-4245-B6C8-B1FF6B4FA8A1}.Release|Any CPU.Build.0 = Release|Any CPU
		{35E84163-952B-45EB-9704-729CF908F19E}.Debug|Any CPU.ActiveCfg = Debug|Any CPU
		{35E84163-952B-45EB-9704-729CF908F19E}.Debug|Any CPU.Build.0 = Debug|Any CPU
		{35E84163-952B-45EB-9704-729CF908F19E}.Release|Any CPU.ActiveCfg = Release|Any CPU
		{35E84163-952B-45EB-9704-729CF908F19E}.Release|Any CPU.Build.0 = Release|Any CPU
		{D87C77E2-6CCC-4157-8E9F-0DE0CAAEAEC8}.Debug|Any CPU.ActiveCfg = Debug|Any CPU
		{D87C77E2-6CCC-4157-8E9F-0DE0CAAEAEC8}.Debug|Any CPU.Build.0 = Debug|Any CPU
		{D87C77E2-6CCC-4157-8E9F-0DE0CAAEAEC8}.Release|Any CPU.ActiveCfg = Release|Any CPU
		{D87C77E2-6CCC-4157-8E9F-0DE0CAAEAEC8}.Release|Any CPU.Build.0 = Release|Any CPU
	EndGlobalSection
	GlobalSection(SolutionProperties) = preSolution
		HideSolutionNode = FALSE
	EndGlobalSection
	GlobalSection(NestedProjects) = preSolution
		{68E62121-2075-4047-9A44-A6108E96671D} = {608CDBFB-653A-4853-90B7-A44E2C42C7CC}
		{611CAF3D-B00B-4A30-9FB3-088460A6850E} = {C483D437-BF5B-490F-9006-C36BF1D51B26}
		{F4718F3C-655E-4245-B6C8-B1FF6B4FA8A1} = {C483D437-BF5B-490F-9006-C36BF1D51B26}
		{35E84163-952B-45EB-9704-729CF908F19E} = {7544CB62-DFD7-494E-93C7-BD41857D7314}
		{D87C77E2-6CCC-4157-8E9F-0DE0CAAEAEC8} = {7544CB62-DFD7-494E-93C7-BD41857D7314}
	EndGlobalSection
	GlobalSection(ExtensibilityGlobals) = postSolution
		SolutionGuid = {1F435E96-EF6A-4964-9C54-A7BD005782AD}
	EndGlobalSection
EndGlobal
